
Microsoft Visual Studio Solution File, Format Version 12.00
# Visual Studio Version 17
VisualStudioVersion = 17.3.32825.248
MinimumVisualStudioVersion = 10.0.40219.1
Project("{FAE04EC0-301F-11D3-BF4B-00C04F79EFBC}") = "ArduinoUno-WPF", "ArduinoUno-WPF\ArduinoUno-WPF.csproj", "{2E277B77-A516-44E0-9756-DCAB2863E743}"
EndProject
Project("{2150E333-8FDC-42A3-9474-1A3956D46DE8}") = "Solution Items", "Solution Items", "{A376E5FD-4297-4E0C-A041-791A220D10E5}"
EndProject
Global
	GlobalSection(SolutionConfigurationPlatforms) = preSolution
		Debug|Any CPU = Debug|Any CPU
		Release|Any CPU = Release|Any CPU
	EndGlobalSection
	GlobalSection(ProjectConfigurationPlatforms) = postSolution
		{2E277B77-A516-44E0-9756-DCAB2863E743}.Debug|Any CPU.ActiveCfg = Debug|Any CPU
		{2E277B77-A516-44E0-9756-DCAB2863E743}.Debug|Any CPU.Build.0 = Debug|Any CPU
		{2E277B77-A516-44E0-9756-DCAB2863E743}.Release|Any CPU.ActiveCfg = Release|Any CPU
		{2E277B77-A516-44E0-9756-DCAB2863E743}.Release|Any CPU.Build.0 = Release|Any CPU
	EndGlobalSection
	GlobalSection(SolutionProperties) = preSolution
		HideSolutionNode = FALSE
	EndGlobalSection
	GlobalSection(ExtensibilityGlobals) = postSolution
		SolutionGuid = {DBB3B8FF-67EE-4313-A60D-3535DBAC5067}
	EndGlobalSection
EndGlobal
